
Microsoft Visual Studio Solution File, Format Version 12.00
# Visual Studio 15
VisualStudioVersion = 15.0.27604.0
MinimumVisualStudioVersion = 10.0.40219.1
Project("{FAE04EC0-301F-11D3-BF4B-00C04F79EFBC}") = "BattleshipTournament.ConsoleApp", "BattleshipTournament.ConsoleApp\BattleshipTournament.ConsoleApp.csproj", "{42BD7D3E-0420-401F-9C10-A17F0A4ECBF3}"
EndProject
Project("{FAE04EC0-301F-11D3-BF4B-00C04F79EFBC}") = "BattleShipTournament.Nick", "BattleShipTournament.Nick\BattleShipTournament.Nick.csproj", "{6D99EC70-854B-463F-8015-8F3B44CFA586}"
EndProject
Project("{FAE04EC0-301F-11D3-BF4B-00C04F79EFBC}") = "BattleShipTournament.Core", "BattleShipTournament.Core\BattleShipTournament.Core.csproj", "{35AF04F3-A680-4CCB-ABCF-9B4F19D6B8EB}"
EndProject
Project("{FAE04EC0-301F-11D3-BF4B-00C04F79EFBC}") = "BattleShipTournament.Daniele", "BattleShipTournament.Daniele\BattleShipTournament.Daniele.csproj", "{7CCE2A05-FF92-44B4-B96F-B176AC7876CA}"
EndProject
Project("{FAE04EC0-301F-11D3-BF4B-00C04F79EFBC}") = "BattleShipTournament.Mirko", "BattleShipTournament.Mirko\BattleShipTournament.Mirko.csproj", "{396BB296-BC60-42D9-91CF-D43B8B0B36A3}"
EndProject
Global
	GlobalSection(SolutionConfigurationPlatforms) = preSolution
		Debug|Any CPU = Debug|Any CPU
		Release|Any CPU = Release|Any CPU
	EndGlobalSection
	GlobalSection(ProjectConfigurationPlatforms) = postSolution
		{42BD7D3E-0420-401F-9C10-A17F0A4ECBF3}.Debug|Any CPU.ActiveCfg = Debug|Any CPU
		{42BD7D3E-0420-401F-9C10-A17F0A4ECBF3}.Debug|Any CPU.Build.0 = Debug|Any CPU
		{42BD7D3E-0420-401F-9C10-A17F0A4ECBF3}.Release|Any CPU.ActiveCfg = Release|Any CPU
		{42BD7D3E-0420-401F-9C10-A17F0A4ECBF3}.Release|Any CPU.Build.0 = Release|Any CPU
		{6D99EC70-854B-463F-8015-8F3B44CFA586}.Debug|Any CPU.ActiveCfg = Debug|Any CPU
		{6D99EC70-854B-463F-8015-8F3B44CFA586}.Debug|Any CPU.Build.0 = Debug|Any CPU
		{6D99EC70-854B-463F-8015-8F3B44CFA586}.Release|Any CPU.ActiveCfg = Release|Any CPU
		{6D99EC70-854B-463F-8015-8F3B44CFA586}.Release|Any CPU.Build.0 = Release|Any CPU
		{35AF04F3-A680-4CCB-ABCF-9B4F19D6B8EB}.Debug|Any CPU.ActiveCfg = Debug|Any CPU
		{35AF04F3-A680-4CCB-ABCF-9B4F19D6B8EB}.Debug|Any CPU.Build.0 = Debug|Any CPU
		{35AF04F3-A680-4CCB-ABCF-9B4F19D6B8EB}.Release|Any CPU.ActiveCfg = Release|Any CPU
		{35AF04F3-A680-4CCB-ABCF-9B4F19D6B8EB}.Release|Any CPU.Build.0 = Release|Any CPU
		{396BB296-BC60-42D9-91CF-D43B8B0B36A3}.Debug|Any CPU.ActiveCfg = Debug|Any CPU
		{396BB296-BC60-42D9-91CF-D43B8B0B36A3}.Debug|Any CPU.Build.0 = Debug|Any CPU
		{396BB296-BC60-42D9-91CF-D43B8B0B36A3}.Release|Any CPU.ActiveCfg = Release|Any CPU
		{396BB296-BC60-42D9-91CF-D43B8B0B36A3}.Release|Any CPU.Build.0 = Release|Any CPU
		{7CCE2A05-FF92-44B4-B96F-B176AC7876CA}.Debug|Any CPU.ActiveCfg = Debug|Any CPU
		{7CCE2A05-FF92-44B4-B96F-B176AC7876CA}.Debug|Any CPU.Build.0 = Debug|Any CPU
		{7CCE2A05-FF92-44B4-B96F-B176AC7876CA}.Release|Any CPU.ActiveCfg = Release|Any CPU
		{7CCE2A05-FF92-44B4-B96F-B176AC7876CA}.Release|Any CPU.Build.0 = Release|Any CPU
	EndGlobalSection
	GlobalSection(SolutionProperties) = preSolution
		HideSolutionNode = FALSE
	EndGlobalSection
	GlobalSection(ExtensibilityGlobals) = postSolution
		SolutionGuid = {F0B6FD73-BEB5-41EF-8376-E681096FCB1D}
	EndGlobalSection
EndGlobal
